{
  "definition": "./",
  "optionals": [],
  "private": {
    "modules": [ {
      "definition": "https://github.com/Zefiros-Software/ZefirosDefaults.git",
      "hash": "06075c936e348ee256cf5c05e449ce8d8f32054b",
      "name": "Zefiros-Software/Defaults",
      "public": {
        "libraries": [ {
          "definition": "https://github.com/Zefiros-Software/GoogleTest.git",
          "hash": "3f0cf6b62ad1eb50d8736538363d3580dd640c3e",
          "name": "Zefiros-Software/GoogleTest",
          "repository": "https://github.com/google/googletest.git",
          "tag": "HEAD",
          "versionRequirement": "@head || ^1.0.0"
        }, {
          "definition": "https://github.com/Zefiros-Software/GoogleBenchmark.git",
          "hash": "56f52ee228783547f544d9ac4a533574b9010e3f",
          "name": "Zefiros-Software/GoogleBenchmark",
          "repository": "https://github.com/google/benchmark.git",
          "tag": "HEAD",
          "versionRequirement": "@head"
        } ]
      },
      "repository": "https://github.com/Zefiros-Software/ZefirosDefaults.git",
      "tag": "HEAD",
      "versionRequirement": "@head"
    } ]
  },
  "repository": "./"
}