
Microsoft Visual Studio Solution File, Format Version 12.00
# Visual Studio 2013
Project("{8BC9CEB8-8B4A-11D0-8D11-00A0C91BC942}") = "math-scalar-test", "..\test\scalar\math-scalar-test.vcxproj", "{FF89CF00-EB82-EE52-14B5-D3D7000DCE5E}"
EndProject
Global
	GlobalSection(SolutionConfigurationPlatforms) = preSolution
		Coverage|x32_f32 = Coverage|x32_f32
		Coverage|x32_f64 = Coverage|x32_f64
		Coverage|x64_f32 = Coverage|x64_f32
		Coverage|x64_f64 = Coverage|x64_f64
		Debug|x32_f32 = Debug|x32_f32
		Debug|x32_f64 = Debug|x32_f64
		Debug|x64_f32 = Debug|x64_f32
		Debug|x64_f64 = Debug|x64_f64
		Release|x32_f32 = Release|x32_f32
		Release|x32_f64 = Release|x32_f64
		Release|x64_f32 = Release|x64_f32
		Release|x64_f64 = Release|x64_f64
	EndGlobalSection
	GlobalSection(ProjectConfigurationPlatforms) = postSolution
		{FF89CF00-EB82-EE52-14B5-D3D7000DCE5E}.Coverage|x32_f32.ActiveCfg = Coverage x32_f32|Win32
		{FF89CF00-EB82-EE52-14B5-D3D7000DCE5E}.Coverage|x32_f32.Build.0 = Coverage x32_f32|Win32
		{FF89CF00-EB82-EE52-14B5-D3D7000DCE5E}.Coverage|x32_f64.ActiveCfg = Coverage x32_f64|Win32
		{FF89CF00-EB82-EE52-14B5-D3D7000DCE5E}.Coverage|x32_f64.Build.0 = Coverage x32_f64|Win32
		{FF89CF00-EB82-EE52-14B5-D3D7000DCE5E}.Coverage|x64_f32.ActiveCfg = Coverage x64_f32|x64
		{FF89CF00-EB82-EE52-14B5-D3D7000DCE5E}.Coverage|x64_f32.Build.0 = Coverage x64_f32|x64
		{FF89CF00-EB82-EE52-14B5-D3D7000DCE5E}.Coverage|x64_f64.ActiveCfg = Coverage x64_f64|x64
		{FF89CF00-EB82-EE52-14B5-D3D7000DCE5E}.Coverage|x64_f64.Build.0 = Coverage x64_f64|x64
		{FF89CF00-EB82-EE52-14B5-D3D7000DCE5E}.Debug|x32_f32.ActiveCfg = Debug x32_f32|Win32
		{FF89CF00-EB82-EE52-14B5-D3D7000DCE5E}.Debug|x32_f32.Build.0 = Debug x32_f32|Win32
		{FF89CF00-EB82-EE52-14B5-D3D7000DCE5E}.Debug|x32_f64.ActiveCfg = Debug x32_f64|Win32
		{FF89CF00-EB82-EE52-14B5-D3D7000DCE5E}.Debug|x32_f64.Build.0 = Debug x32_f64|Win32
		{FF89CF00-EB82-EE52-14B5-D3D7000DCE5E}.Debug|x64_f32.ActiveCfg = Debug x64_f32|x64
		{FF89CF00-EB82-EE52-14B5-D3D7000DCE5E}.Debug|x64_f32.Build.0 = Debug x64_f32|x64
		{FF89CF00-EB82-EE52-14B5-D3D7000DCE5E}.Debug|x64_f64.ActiveCfg = Debug x64_f64|x64
		{FF89CF00-EB82-EE52-14B5-D3D7000DCE5E}.Debug|x64_f64.Build.0 = Debug x64_f64|x64
		{FF89CF00-EB82-EE52-14B5-D3D7000DCE5E}.Release|x32_f32.ActiveCfg = Release x32_f32|Win32
		{FF89CF00-EB82-EE52-14B5-D3D7000DCE5E}.Release|x32_f32.Build.0 = Release x32_f32|Win32
		{FF89CF00-EB82-EE52-14B5-D3D7000DCE5E}.Release|x32_f64.ActiveCfg = Release x32_f64|Win32
		{FF89CF00-EB82-EE52-14B5-D3D7000DCE5E}.Release|x32_f64.Build.0 = Release x32_f64|Win32
		{FF89CF00-EB82-EE52-14B5-D3D7000DCE5E}.Release|x64_f32.ActiveCfg = Release x64_f32|x64
		{FF89CF00-EB82-EE52-14B5-D3D7000DCE5E}.Release|x64_f32.Build.0 = Release x64_f32|x64
		{FF89CF00-EB82-EE52-14B5-D3D7000DCE5E}.Release|x64_f64.ActiveCfg = Release x64_f64|x64
		{FF89CF00-EB82-EE52-14B5-D3D7000DCE5E}.Release|x64_f64.Build.0 = Release x64_f64|x64
	EndGlobalSection
	GlobalSection(SolutionProperties) = preSolution
		HideSolutionNode = FALSE
	EndGlobalSection
EndGlobal
