<?xml version="1.0" encoding="utf-8"?>
<Project ToolsVersion="4.0" xmlns="http://schemas.microsoft.com/developer/msbuild/2003">
  <ItemGroup>
    <Filter Include="external">
      <UniqueIdentifier>{2839F3DC-1406-4EE8-3D1F-3C90294B8376}</UniqueIdentifier>
    </Filter>
    <Filter Include="external\gtest">
      <UniqueIdentifier>{7E21FFBA-6AEF-F2C0-5383-63E73FF0CE25}</UniqueIdentifier>
    </Filter>
    <Filter Include="external\gtest\src">
      <UniqueIdentifier>{956EAB80-8152-6CD6-EAB2-6629D6B55658}</UniqueIdentifier>
    </Filter>
  </ItemGroup>
  <ItemGroup>
    <ClCompile Include="..\..\external\gtest\src\gtest-all.cc">
      <Filter>external\gtest\src</Filter>
    </ClCompile>
    <ClCompile Include="main.cpp" />
    <ClCompile Include="testVector.cpp" />
  </ItemGroup>
</Project>